// !$*UTF8*$!
{
	archiveVersion = 1;
	classes = {
	};
	objectVersion = 77;
	objects = {

/* Begin PBXBuildFile section */
		C69CFDFA2F51B87800609565 /* SharedCore in Frameworks */ = {isa = PBXBuildFile; productRef = C69CFDF92F51B87800609565 /* SharedCore */; };
/* End PBXBuildFile section */

/* Begin PBXContainerItemProxy section */
		C69CFDA42F51B3DD00609565 /* PBXContainerItemProxy */ = {
			isa = PBXContainerItemProxy;
			containerPortal = C69CFD8C2F51B3DB00609565 /* Project object */;
			proxyType = 1;
			remoteGlobalIDString = C69CFD932F51B3DB00609565;
			remoteInfo = EcoDeliveryRoutesMobile;
		};
		C69CFDAE2F51B3DD00609565 /* PBXContainerItemProxy */ = {
			isa = PBXContainerItemProxy;
			containerPortal = C69CFD8C2F51B3DB00609565 /* Project object */;
			proxyType = 1;
			remoteGlobalIDString = C69CFD932F51B3DB00609565;
			remoteInfo = EcoDeliveryRoutesMobile;
		};
/* End PBXContainerItemProxy section */

/* Begin PBXFileReference section */
		C69CFD942F51B3DB00609565 /* EcoDeliveryRoutesMobile.app */ = {isa = PBXFileReference; explicitFileType = wrapper.application; includeInIndex = 0; path = EcoDeliveryRoutesMobile.app; sourceTree = BUILT_PRODUCTS_DIR; };
		C69CFDA32F51B3DD00609565 /* EcoDeliveryRoutesMobileTests.xctest */ = {isa = PBXFileReference; explicitFileType = wrapper.cfbundle; includeInIndex = 0; path = EcoDeliveryRoutesMobileTests.xctest; sourceTree = BUILT_PRODUCTS_DIR; };
		C69CFDAD2F51B3DD00609565 /* EcoDeliveryRoutesMobileUITests.xctest */ = {isa = PBXFileReference; explicitFileType = wrapper.cfbundle; includeInIndex = 0; path = EcoDeliveryRoutesMobileUITests.xctest; sourceTree = BUILT_PRODUCTS_DIR; };
/* End PBXFileReference section */

/* Begin PBXFileSystemSynchronizedRootGroup section */
		C69CFD962F51B3DB00609565 /* EcoDeliveryRoutesMobile */ = {
			isa = PBXFileSystemSynchronizedRootGroup;
			path = EcoDeliveryRoutesMobile;
			sourceTree = "<group>";
		};
		C69CFDA62F51B3DD00609565 /* EcoDeliveryRoutesMobileTests */ = {
			isa = PBXFileSystemSynchronizedRootGroup;
			path = EcoDeliveryRoutesMobileTests;
			sourceTree = "<group>";
		};
		C69CFDB02F51B3DD00609565 /* EcoDeliveryRoutesMobileUITests */ = {
			isa = PBXFileSystemSynchronizedRootGroup;
			path = EcoDeliveryRoutesMobileUITests;
			sourceTree = "<group>";
		};
/* End PBXFileSystemSynchronizedRootGroup section */

/* Begin PBXFrameworksBuildPhase section */
		C69CFD912F51B3DB00609565 /* Frameworks */ = {
			isa = PBXFrameworksBuildPhase;
			buildActionMask = 2147483647;
			files = (
				C69CFDFA2F51B87800609565 /* SharedCore in Frameworks */,
			);
			runOnlyForDeploymentPostprocessing = 0;
		};
		C69CFDA02F51B3DD00609565 /* Frameworks */ = {
			isa = PBXFrameworksBuildPhase;
			buildActionMask = 2147483647;
			files = (
			);
			runOnlyForDeploymentPostprocessing = 0;
		};
		C69CFDAA2F51B3DD00609565 /* Frameworks */ = {
			isa = PBXFrameworksBuildPhase;
			buildActionMask = 2147483647;
			files = (
			);
			runOnlyForDeploymentPostprocessing = 0;
		};
/* End PBXFrameworksBuildPhase section */

/* Begin PBXGroup section */
		C69CFD8B2F51B3DB00609565 = {
			isa = PBXGroup;
			children = (
				C69CFD962F51B3DB00609565 /* EcoDeliveryRoutesMobile */,
				C69CFDA62F51B3DD00609565 /* EcoDeliveryRoutesMobileTests */,
				C69CFDB02F51B3DD00609565 /* EcoDeliveryRoutesMobileUITests */,
				C69CFD952F51B3DB00609565 /* Products */,
			);
			sourceTree = "<group>";
		};
		C69CFD952F51B3DB00609565 /* Products */ = {
			isa = PBXGroup;
			children = (
				C69CFD942F51B3DB00609565 /* EcoDeliveryRoutesMobile.app */,
				C69CFDA32F51B3DD00609565 /* EcoDeliveryRoutesMobileTests.xctest */,
				C69CFDAD2F51B3DD00609565 /* EcoDeliveryRoutesMobileUITests.xctest */,
			);
			name = Products;
			sourceTree = "<group>";
		};
/* End PBXGroup section */

/* Begin PBXNativeTarget section */
		C69CFD932F51B3DB00609565 /* EcoDeliveryRoutesMobile */ = {
			isa = PBXNativeTarget;
			buildConfigurationList = C69CFDB72F51B3DD00609565 /* Build configuration list for PBXNativeTarget "EcoDeliveryRoutesMobile" */;
			buildPhases = (
				C69CFD902F51B3DB00609565 /* Sources */,
				C69CFD912F51B3DB00609565 /* Frameworks */,
				C69CFD922F51B3DB00609565 /* Resources */,
			);
			buildRules = (
			);
			dependencies = (
			);
			fileSystemSynchronizedGroups = (
				C69CFD962F51B3DB00609565 /* EcoDeliveryRoutesMobile */,
			);
			name = EcoDeliveryRoutesMobile;
			packageProductDependencies = (
				C69CFDF92F51B87800609565 /* SharedCore */,
			);
			productName = EcoDeliveryRoutesMobile;
			productReference = C69CFD942F51B3DB00609565 /* EcoDeliveryRoutesMobile.app */;
			productType = "com.apple.product-type.application";
		};
		C69CFDA22F51B3DD00609565 /* EcoDeliveryRoutesMobileTests */ = {
			isa = PBXNativeTarget;
			buildConfigurationList = C69CFDBA2F51B3DD00609565 /* Build configuration list for PBXNativeTarget "EcoDeliveryRoutesMobileTests" */;
			buildPhases = (
				C69CFD9F2F51B3DD00609565 /* Sources */,
				C69CFDA02F51B3DD00609565 /* Frameworks */,
				C69CFDA12F51B3DD00609565 /* Resources */,
			);
			buildRules = (
			);
			dependencies = (
				C69CFDA52F51B3DD00609565 /* PBXTargetDependency */,
			);
			fileSystemSynchronizedGroups = (
				C69CFDA62F51B3DD00609565 /* EcoDeliveryRoutesMobileTests */,
			);
			name = EcoDeliveryRoutesMobileTests;
			packageProductDependencies = (
			);
			productName = EcoDeliveryRoutesMobileTests;
			productReference = C69CFDA32F51B3DD00609565 /* EcoDeliveryRoutesMobileTests.xctest */;
			productType = "com.apple.product-type.bundle.unit-test";
		};
		C69CFDAC2F51B3DD00609565 /* EcoDeliveryRoutesMobileUITests */ = {
			isa = PBXNativeTarget;
			buildConfigurationList = C69CFDBD2F51B3DD00609565 /* Build configuration list for PBXNativeTarget "EcoDeliveryRoutesMobileUITests" */;
			buildPhases = (
				C69CFDA92F51B3DD00609565 /* Sources */,
				C69CFDAA2F51B3DD00609565 /* Frameworks */,
				C69CFDAB2F51B3DD00609565 /* Resources */,
			);
			buildRules = (
			);
			dependencies = (
				C69CFDAF2F51B3DD00609565 /* PBXTargetDependency */,
			);
			fileSystemSynchronizedGroups = (
				C69CFDB02F51B3DD00609565 /* EcoDeliveryRoutesMobileUITests */,
			);
			name = EcoDeliveryRoutesMobileUITests;
			packageProductDependencies = (
			);
			productName = EcoDeliveryRoutesMobileUITests;
			productReference = C69CFDAD2F51B3DD00609565 /* EcoDeliveryRoutesMobileUITests.xctest */;
			productType = "com.apple.product-type.bundle.ui-testing";
		};
/* End PBXNativeTarget section */

/* Begin PBXProject section */
		C69CFD8C2F51B3DB00609565 /* Project object */ = {
			isa = PBXProject;
			attributes = {
				BuildIndependentTargetsInParallel = 1;
				LastSwiftUpdateCheck = 2620;
				LastUpgradeCheck = 2620;
				TargetAttributes = {
					C69CFD932F51B3DB00609565 = {
						CreatedOnToolsVersion = 26.2;
					};
					C69CFDA22F51B3DD00609565 = {
						CreatedOnToolsVersion = 26.2;
						TestTargetID = C69CFD932F51B3DB00609565;
					};
					C69CFDAC2F51B3DD00609565 = {
						CreatedOnToolsVersion = 26.2;
						TestTargetID = C69CFD932F51B3DB00609565;
					};
				};
			};
			buildConfigurationList = C69CFD8F2F51B3DB00609565 /* Build configuration list for PBXProject "EcoDeliveryRoutesMobile" */;
			developmentRegion = en;
			hasScannedForEncodings = 0;
			knownRegions = (
				en,
				Base,
			);
			mainGroup = C69CFD8B2F51B3DB00609565;
			minimizedProjectReferenceProxies = 1;
			packageReferences = (
				C69CFDF82F51B87800609565 /* XCLocalSwiftPackageReference "../SharedCore" */,
			);
			preferredProjectObjectVersion = 77;
			productRefGroup = C69CFD952F51B3DB00609565 /* Products */;
			projectDirPath = "";
			projectRoot = "";
			targets = (
				C69CFD932F51B3DB00609565 /* EcoDeliveryRoutesMobile */,
				C69CFDA22F51B3DD00609565 /* EcoDeliveryRoutesMobileTests */,
				C69CFDAC2F51B3DD00609565 /* EcoDeliveryRoutesMobileUITests */,
			);
		};
/* End PBXProject section */

/* Begin PBXResourcesBuildPhase section */
		C69CFD922F51B3DB00609565 /* Resources */ = {
			isa = PBXResourcesBuildPhase;
			buildActionMask = 2147483647;
			files = (
			);
			runOnlyForDeploymentPostprocessing = 0;
		};
		C69CFDA12F51B3DD00609565 /* Resources */ = {
			isa = PBXResourcesBuildPhase;
			buildActionMask = 2147483647;
			files = (
			);
			runOnlyForDeploymentPostprocessing = 0;
		};
		C69CFDAB2F51B3DD00609565 /* Resources */ = {
			isa = PBXResourcesBuildPhase;
			buildActionMask = 2147483647;
			files = (
			);
			runOnlyForDeploymentPostprocessing = 0;
		};
/* End PBXResourcesBuildPhase section */

/* Begin PBXSourcesBuildPhase section */
		C69CFD902F51B3DB00609565 /* Sources */ = {
			isa = PBXSourcesBuildPhase;
			buildActionMask = 2147483647;
			files = (
			);
			runOnlyForDeploymentPostprocessing = 0;
		};
		C69CFD9F2F51B3DD00609565 /* Sources */ = {
			isa = PBXSourcesBuildPhase;
			buildActionMask = 2147483647;
			files = (
			);
			runOnlyForDeploymentPostprocessing = 0;
		};
		C69CFDA92F51B3DD00609565 /* Sources */ = {
			isa = PBXSourcesBuildPhase;
			buildActionMask = 2147483647;
			files = (
			);
			runOnlyForDeploymentPostprocessing = 0;
		};
/* End PBXSourcesBuildPhase section */

/* Begin PBXTargetDependency section */
		C69CFDA52F51B3DD00609565 /* PBXTargetDependency */ = {
			isa = PBXTargetDependency;
			target = C69CFD932F51B3DB00609565 /* EcoDeliveryRoutesMobile */;
			targetProxy = C69CFDA42F51B3DD00609565 /* PBXContainerItemProxy */;
		};
		C69CFDAF2F51B3DD00609565 /* PBXTargetDependency */ = {
			isa = PBXTargetDependency;
			target = C69CFD932F51B3DB00609565 /* EcoDeliveryRoutesMobile */;
			targetProxy = C69CFDAE2F51B3DD00609565 /* PBXContainerItemProxy */;
		};
/* End PBXTargetDependency section */

/* Begin XCBuildConfiguration section */
		C69CFDB52F51B3DD00609565 /* Debug */ = {
			isa = XCBuildConfiguration;
			buildSettings = {
				ALWAYS_SEARCH_USER_PATHS = NO;
				ASSETCATALOG_COMPILER_GENERATE_SWIFT_ASSET_SYMBOL_EXTENSIONS = YES;
				CLANG_ANALYZER_NONNULL = YES;
				CLANG_ANALYZER_NUMBER_OBJECT_CONVERSION = YES_AGGRESSIVE;
				CLANG_CXX_LANGUAGE_STANDARD = "gnu++20";
				CLANG_ENABLE_MODULES = YES;
				CLANG_ENABLE_OBJC_ARC = YES;
				CLANG_ENABLE_OBJC_WEAK = YES;
				CLANG_WARN_BLOCK_CAPTURE_AUTORELEASING = YES;
				CLANG_WARN_BOOL_CONVERSION = YES;
				CLANG_WARN_COMMA = YES;
				CLANG_WARN_CONSTANT_CONVERSION = YES;
				CLANG_WARN_DEPRECATED_OBJC_IMPLEMENTATIONS = YES;
				CLANG_WARN_DIRECT_OBJC_ISA_USAGE = YES_ERROR;
				CLANG_WARN_DOCUMENTATION_COMMENTS = YES;
				CLANG_WARN_EMPTY_BODY = YES;
				CLANG_WARN_ENUM_CONVERSION = YES;
				CLANG_WARN_INFINITE_RECURSION = YES;
				CLANG_WARN_INT_CONVERSION = YES;
				CLANG_WARN_NON_LITERAL_NULL_CONVERSION = YES;
				CLANG_WARN_OBJC_IMPLICIT_RETAIN_SELF = YES;
				CLANG_WARN_OBJC_LITERAL_CONVERSION = YES;
				CLANG_WARN_OBJC_ROOT_CLASS = YES_ERROR;
				CLANG_WARN_QUOTED_INCLUDE_IN_FRAMEWORK_HEADER = YES;
				CLANG_WARN_RANGE_LOOP_ANALYSIS = YES;
				CLANG_WARN_STRICT_PROTOTYPES = YES;
				CLANG_WARN_SUSPICIOUS_MOVE = YES;
				CLANG_WARN_UNGUARDED_AVAILABILITY = YES_AGGRESSIVE;
				CLANG_WARN_UNREACHABLE_CODE = YES;
				CLANG_WARN__DUPLICATE_METHOD_MATCH = YES;
				COPY_PHASE_STRIP = NO;
				DEBUG_INFORMATION_FORMAT = dwarf;
				DEVELOPMENT_TEAM = WUD9845E2R;
				ENABLE_STRICT_OBJC_MSGSEND = YES;
				ENABLE_TESTABILITY = YES;
				ENABLE_USER_SCRIPT_SANDBOXING = YES;
				GCC_C_LANGUAGE_STANDARD = gnu17;
				GCC_DYNAMIC_NO_PIC = NO;
				GCC_NO_COMMON_BLOCKS = YES;
				GCC_OPTIMIZATION_LEVEL = 0;
				GCC_PREPROCESSOR_DEFINITIONS = (
					"DEBUG=1",
					"$(inherited)",
				);
				GCC_WARN_64_TO_32_BIT_CONVERSION = YES;
				GCC_WARN_ABOUT_RETURN_TYPE = YES_ERROR;
				GCC_WARN_UNDECLARED_SELECTOR = YES;
				GCC_WARN_UNINITIALIZED_AUTOS = YES_AGGRESSIVE;
				GCC_WARN_UNUSED_FUNCTION = YES;
				GCC_WARN_UNUSED_VARIABLE = YES;
				IPHONEOS_DEPLOYMENT_TARGET = 26.2;
				LOCALIZATION_PREFERS_STRING_CATALOGS = YES;
				MTL_ENABLE_DEBUG_INFO = INCLUDE_SOURCE;
				MTL_FAST_MATH = YES;
				ONLY_ACTIVE_ARCH = YES;
				SDKROOT = iphoneos;
				SWIFT_ACTIVE_COMPILATION_CONDITIONS = "DEBUG $(inherited)";
				SWIFT_OPTIMIZATION_LEVEL = "-Onone";
			};
			name = Debug;
		};
		C69CFDB62F51B3DD00609565 /* Release */ = {
			isa = XCBuildConfiguration;
			buildSettings = {
				ALWAYS_SEARCH_USER_PATHS = NO;
				ASSETCATALOG_COMPILER_GENERATE_SWIFT_ASSET_SYMBOL_EXTENSIONS = YES;
				CLANG_ANALYZER_NONNULL = YES;
				CLANG_ANALYZER_NUMBER_OBJECT_CONVERSION = YES_AGGRESSIVE;
				CLANG_CXX_LANGUAGE_STANDARD = "gnu++20";
				CLANG_ENABLE_MODULES = YES;
				CLANG_ENABLE_OBJC_ARC = YES;
				CLANG_ENABLE_OBJC_WEAK = YES;
				CLANG_WARN_BLOCK_CAPTURE_AUTORELEASING = YES;
				CLANG_WARN_BOOL_CONVERSION = YES;
				CLANG_WARN_COMMA = YES;
				CLANG_WARN_CONSTANT_CONVERSION = YES;
				CLANG_WARN_DEPRECATED_OBJC_IMPLEMENTATIONS = YES;
				CLANG_WARN_DIRECT_OBJC_ISA_USAGE = YES_ERROR;
				CLANG_WARN_DOCUMENTATION_COMMENTS = YES;
				CLANG_WARN_EMPTY_BODY = YES;
				CLANG_WARN_ENUM_CONVERSION = YES;
				CLANG_WARN_INFINITE_RECURSION = YES;
				CLANG_WARN_INT_CONVERSION = YES;
				CLANG_WARN_NON_LITERAL_NULL_CONVERSION = YES;
				CLANG_WARN_OBJC_IMPLICIT_RETAIN_SELF = YES;
				CLANG_WARN_OBJC_LITERAL_CONVERSION = YES;
				CLANG_WARN_OBJC_ROOT_CLASS = YES_ERROR;
				CLANG_WARN_QUOTED_INCLUDE_IN_FRAMEWORK_HEADER = YES;
				CLANG_WARN_RANGE_LOOP_ANALYSIS = YES;
				CLANG_WARN_STRICT_PROTOTYPES = YES;
				CLANG_WARN_SUSPICIOUS_MOVE = YES;
				CLANG_WARN_UNGUARDED_AVAILABILITY = YES_AGGRESSIVE;
				CLANG_WARN_UNREACHABLE_CODE = YES;
				CLANG_WARN__DUPLICATE_METHOD_MATCH = YES;
				COPY_PHASE_STRIP = NO;
				DEBUG_INFORMATION_FORMAT = "dwarf-with-dsym";
				DEVELOPMENT_TEAM = WUD9845E2R;
				ENABLE_NS_ASSERTIONS = NO;
				ENABLE_STRICT_OBJC_MSGSEND = YES;
				ENABLE_USER_SCRIPT_SANDBOXING = YES;
				GCC_C_LANGUAGE_STANDARD = gnu17;
				GCC_NO_COMMON_BLOCKS = YES;
				GCC_WARN_64_TO_32_BIT_CONVERSION = YES;
				GCC_WARN_ABOUT_RETURN_TYPE = YES_ERROR;
				GCC_WARN_UNDECLARED_SELECTOR = YES;
				GCC_WARN_UNINITIALIZED_AUTOS = YES_AGGRESSIVE;
				GCC_WARN_UNUSED_FUNCTION = YES;
				GCC_WARN_UNUSED_VARIABLE = YES;
				IPHONEOS_DEPLOYMENT_TARGET = 26.2;
				LOCALIZATION_PREFERS_STRING_CATALOGS = YES;
				MTL_ENABLE_DEBUG_INFO = NO;
				MTL_FAST_MATH = YES;
				SDKROOT = iphoneos;
				SWIFT_COMPILATION_MODE = wholemodule;
				VALIDATE_PRODUCT = YES;
			};
			name = Release;
		};
		C69CFDB82F51B3DD00609565 /* Debug */ = {
			isa = XCBuildConfiguration;
			buildSettings = {
				ASSETCATALOG_COMPILER_APPICON_NAME = AppIcon;
				ASSETCATALOG_COMPILER_GLOBAL_ACCENT_COLOR_NAME = AccentColor;
				CODE_SIGN_STYLE = Automatic;
				CURRENT_PROJECT_VERSION = 1;
				DEVELOPMENT_TEAM = WUD9845E2R;
				ENABLE_PREVIEWS = YES;
				GENERATE_INFOPLIST_FILE = YES;
				INFOPLIST_KEY_UIApplicationSceneManifest_Generation = YES;
				INFOPLIST_KEY_UIApplicationSupportsIndirectInputEvents = YES;
				INFOPLIST_KEY_UILaunchScreen_Generation = YES;
				INFOPLIST_KEY_UISupportedInterfaceOrientations_iPad = "UIInterfaceOrientationPortrait UIInterfaceOrientationPortraitUpsideDown UIInterfaceOrientationLandscapeLeft UIInterfaceOrientationLandscapeRight";
				INFOPLIST_KEY_UISupportedInterfaceOrientations_iPhone = "UIInterfaceOrientationPortrait UIInterfaceOrientationLandscapeLeft UIInterfaceOrientationLandscapeRight";
				LD_RUNPATH_SEARCH_PATHS = (
					"$(inherited)",
					"@executable_path/Frameworks",
				);
				MARKETING_VERSION = 1.0;
				PRODUCT_BUNDLE_IDENTIFIER = name.joaquinarevalo.EcoDeliveryRoutesMobile;
				PRODUCT_NAME = "$(TARGET_NAME)";
				STRING_CATALOG_GENERATE_SYMBOLS = YES;
				SWIFT_APPROACHABLE_CONCURRENCY = YES;
				SWIFT_DEFAULT_ACTOR_ISOLATION = MainActor;
				SWIFT_EMIT_LOC_STRINGS = YES;
				SWIFT_UPCOMING_FEATURE_MEMBER_IMPORT_VISIBILITY = YES;
				SWIFT_VERSION = 5.0;
				TARGETED_DEVICE_FAMILY = "1,2";
			};
			name = Debug;
		};
		C69CFDB92F51B3DD00609565 /* Release */ = {
			isa = XCBuildConfiguration;
			buildSettings = {
				ASSETCATALOG_COMPILER_APPICON_NAME = AppIcon;
				ASSETCATALOG_COMPILER_GLOBAL_ACCENT_COLOR_NAME = AccentColor;
				CODE_SIGN_STYLE = Automatic;
				CURRENT_PROJECT_VERSION = 1;
				DEVELOPMENT_TEAM = WUD9845E2R;
				ENABLE_PREVIEWS = YES;
				GENERATE_INFOPLIST_FILE = YES;
				INFOPLIST_KEY_UIApplicationSceneManifest_Generation = YES;
				INFOPLIST_KEY_UIApplicationSupportsIndirectInputEvents = YES;
				INFOPLIST_KEY_UILaunchScreen_Generation = YES;
				INFOPLIST_KEY_UISupportedInterfaceOrientations_iPad = "UIInterfaceOrientationPortrait UIInterfaceOrientationPortraitUpsideDown UIInterfaceOrientationLandscapeLeft UIInterfaceOrientationLandscapeRight";
				INFOPLIST_KEY_UISupportedInterfaceOrientations_iPhone = "UIInterfaceOrientationPortrait UIInterfaceOrientationLandscapeLeft UIInterfaceOrientationLandscapeRight";
				LD_RUNPATH_SEARCH_PATHS = (
					"$(inherited)",
					"@executable_path/Frameworks",
				);
				MARKETING_VERSION = 1.0;
				PRODUCT_BUNDLE_IDENTIFIER = name.joaquinarevalo.EcoDeliveryRoutesMobile;
				PRODUCT_NAME = "$(TARGET_NAME)";
				STRING_CATALOG_GENERATE_SYMBOLS = YES;
				SWIFT_APPROACHABLE_CONCURRENCY = YES;
				SWIFT_DEFAULT_ACTOR_ISOLATION = MainActor;
				SWIFT_EMIT_LOC_STRINGS = YES;
				SWIFT_UPCOMING_FEATURE_MEMBER_IMPORT_VISIBILITY = YES;
				SWIFT_VERSION = 5.0;
				TARGETED_DEVICE_FAMILY = "1,2";
			};
			name = Release;
		};
		C69CFDBB2F51B3DD00609565 /* Debug */ = {
			isa = XCBuildConfiguration;
			buildSettings = {
				BUNDLE_LOADER = "$(TEST_HOST)";
				CODE_SIGN_STYLE = Automatic;
				CURRENT_PROJECT_VERSION = 1;
				DEVELOPMENT_TEAM = WUD9845E2R;
				GENERATE_INFOPLIST_FILE = YES;
				IPHONEOS_DEPLOYMENT_TARGET = 26.2;
				MARKETING_VERSION = 1.0;
				PRODUCT_BUNDLE_IDENTIFIER = name.joaquinarevalo.EcoDeliveryRoutesMobileTests;
				PRODUCT_NAME = "$(TARGET_NAME)";
				STRING_CATALOG_GENERATE_SYMBOLS = NO;
				SWIFT_APPROACHABLE_CONCURRENCY = YES;
				SWIFT_EMIT_LOC_STRINGS = NO;
				SWIFT_UPCOMING_FEATURE_MEMBER_IMPORT_VISIBILITY = YES;
				SWIFT_VERSION = 5.0;
				TARGETED_DEVICE_FAMILY = "1,2";
				TEST_HOST = "$(BUILT_PRODUCTS_DIR)/EcoDeliveryRoutesMobile.app/$(BUNDLE_EXECUTABLE_FOLDER_PATH)/EcoDeliveryRoutesMobile";
			};
			name = Debug;
		};
		C69CFDBC2F51B3DD00609565 /* Release */ = {
			isa = XCBuildConfiguration;
			buildSettings = {
				BUNDLE_LOADER = "$(TEST_HOST)";
				CODE_SIGN_STYLE = Automatic;
				CURRENT_PROJECT_VERSION = 1;
				DEVELOPMENT_TEAM = WUD9845E2R;
				GENERATE_INFOPLIST_FILE = YES;
				IPHONEOS_DEPLOYMENT_TARGET = 26.2;
				MARKETING_VERSION = 1.0;
				PRODUCT_BUNDLE_IDENTIFIER = name.joaquinarevalo.EcoDeliveryRoutesMobileTests;
				PRODUCT_NAME = "$(TARGET_NAME)";
				STRING_CATALOG_GENERATE_SYMBOLS = NO;
				SWIFT_APPROACHABLE_CONCURRENCY = YES;
				SWIFT_EMIT_LOC_STRINGS = NO;
				SWIFT_UPCOMING_FEATURE_MEMBER_IMPORT_VISIBILITY = YES;
				SWIFT_VERSION = 5.0;
				TARGETED_DEVICE_FAMILY = "1,2";
				TEST_HOST = "$(BUILT_PRODUCTS_DIR)/EcoDeliveryRoutesMobile.app/$(BUNDLE_EXECUTABLE_FOLDER_PATH)/EcoDeliveryRoutesMobile";
			};
			name = Release;
		};
		C69CFDBE2F51B3DD00609565 /* Debug */ = {
			isa = XCBuildConfiguration;
			buildSettings = {
				CODE_SIGN_STYLE = Automatic;
				CURRENT_PROJECT_VERSION = 1;
				DEVELOPMENT_TEAM = WUD9845E2R;
				GENERATE_INFOPLIST_FILE = YES;
				MARKETING_VERSION = 1.0;
				PRODUCT_BUNDLE_IDENTIFIER = name.joaquinarevalo.EcoDeliveryRoutesMobileUITests;
				PRODUCT_NAME = "$(TARGET_NAME)";
				STRING_CATALOG_GENERATE_SYMBOLS = NO;
				SWIFT_APPROACHABLE_CONCURRENCY = YES;
				SWIFT_EMIT_LOC_STRINGS = NO;
				SWIFT_UPCOMING_FEATURE_MEMBER_IMPORT_VISIBILITY = YES;
				SWIFT_VERSION = 5.0;
				TARGETED_DEVICE_FAMILY = "1,2";
				TEST_TARGET_NAME = EcoDeliveryRoutesMobile;
			};
			name = Debug;
		};
		C69CFDBF2F51B3DD00609565 /* Release */ = {
			isa = XCBuildConfiguration;
			buildSettings = {
				CODE_SIGN_STYLE = Automatic;
				CURRENT_PROJECT_VERSION = 1;
				DEVELOPMENT_TEAM = WUD9845E2R;
				GENERATE_INFOPLIST_FILE = YES;
				MARKETING_VERSION = 1.0;
				PRODUCT_BUNDLE_IDENTIFIER = name.joaquinarevalo.EcoDeliveryRoutesMobileUITests;
				PRODUCT_NAME = "$(TARGET_NAME)";
				STRING_CATALOG_GENERATE_SYMBOLS = NO;
				SWIFT_APPROACHABLE_CONCURRENCY = YES;
				SWIFT_EMIT_LOC_STRINGS = NO;
				SWIFT_UPCOMING_FEATURE_MEMBER_IMPORT_VISIBILITY = YES;
				SWIFT_VERSION = 5.0;
				TARGETED_DEVICE_FAMILY = "1,2";
				TEST_TARGET_NAME = EcoDeliveryRoutesMobile;
			};
			name = Release;
		};
/* End XCBuildConfiguration section */

/* Begin XCConfigurationList section */
		C69CFD8F2F51B3DB00609565 /* Build configuration list for PBXProject "EcoDeliveryRoutesMobile" */ = {
			isa = XCConfigurationList;
			buildConfigurations = (
				C69CFDB52F51B3DD00609565 /* Debug */,
				C69CFDB62F51B3DD00609565 /* Release */,
			);
			defaultConfigurationIsVisible = 0;
			defaultConfigurationName = Release;
		};
		C69CFDB72F51B3DD00609565 /* Build configuration list for PBXNativeTarget "EcoDeliveryRoutesMobile" */ = {
			isa = XCConfigurationList;
			buildConfigurations = (
				C69CFDB82F51B3DD00609565 /* Debug */,
				C69CFDB92F51B3DD00609565 /* Release */,
			);
			defaultConfigurationIsVisible = 0;
			defaultConfigurationName = Release;
		};
		C69CFDBA2F51B3DD00609565 /* Build configuration list for PBXNativeTarget "EcoDeliveryRoutesMobileTests" */ = {
			isa = XCConfigurationList;
			buildConfigurations = (
				C69CFDBB2F51B3DD00609565 /* Debug */,
				C69CFDBC2F51B3DD00609565 /* Release */,
			);
			defaultConfigurationIsVisible = 0;
			defaultConfigurationName = Release;
		};
		C69CFDBD2F51B3DD00609565 /* Build configuration list for PBXNativeTarget "EcoDeliveryRoutesMobileUITests" */ = {
			isa = XCConfigurationList;
			buildConfigurations = (
				C69CFDBE2F51B3DD00609565 /* Debug */,
				C69CFDBF2F51B3DD00609565 /* Release */,
			);
			defaultConfigurationIsVisible = 0;
			defaultConfigurationName = Release;
		};
/* End XCConfigurationList section */

/* Begin XCLocalSwiftPackageReference section */
		C69CFDF82F51B87800609565 /* XCLocalSwiftPackageReference "../SharedCore" */ = {
			isa = XCLocalSwiftPackageReference;
			relativePath = ../SharedCore;
		};
/* End XCLocalSwiftPackageReference section */

/* Begin XCSwiftPackageProductDependency section */
		C69CFDF92F51B87800609565 /* SharedCore */ = {
			isa = XCSwiftPackageProductDependency;
			productName = SharedCore;
		};
/* End XCSwiftPackageProductDependency section */
	};
	rootObject = C69CFD8C2F51B3DB00609565 /* Project object */;
}
